
Microsoft Visual Studio Solution File, Format Version 12.00
# Visual Studio Version 16
VisualStudioVersion = 16.0.29728.190
MinimumVisualStudioVersion = 10.0.40219.1
Project("{FAE04EC0-301F-11D3-BF4B-00C04F79EFBC}") = "OOP_Assignment_2", "OOP_Assignment_2.csproj", "{C8363DAC-7E91-4BF6-9626-8D82C1F90B87}"
EndProject
Global
	GlobalSection(SolutionConfigurationPlatforms) = preSolution
		Debug|Any CPU = Debug|Any CPU
		Release|Any CPU = Release|Any CPU
	EndGlobalSection
	GlobalSection(ProjectConfigurationPlatforms) = postSolution
		{C8363DAC-7E91-4BF6-9626-8D82C1F90B87}.Debug|Any CPU.ActiveCfg = Debug|Any CPU
		{C8363DAC-7E91-4BF6-9626-8D82C1F90B87}.Debug|Any CPU.Build.0 = Debug|Any CPU
		{C8363DAC-7E91-4BF6-9626-8D82C1F90B87}.Release|Any CPU.ActiveCfg = Release|Any CPU
		{C8363DAC-7E91-4BF6-9626-8D82C1F90B87}.Release|Any CPU.Build.0 = Release|Any CPU
	EndGlobalSection
	GlobalSection(SolutionProperties) = preSolution
		HideSolutionNode = FALSE
	EndGlobalSection
	GlobalSection(ExtensibilityGlobals) = postSolution
		SolutionGuid = {D523A2B4-9B92-43B8-B5F1-52AA4CC26698}
	EndGlobalSection
EndGlobal
